
Microsoft Visual Studio Solution File, Format Version 12.00
# Visual Studio 2013
VisualStudioVersion = 12.0.30723.0
MinimumVisualStudioVersion = 10.0.40219.1
Project("{FAE04EC0-301F-11D3-BF4B-00C04F79EFBC}") = "TDD_Kata1_StringCalculator", "TDD_Kata1_StringCalculator\TDD_Kata1_StringCalculator.csproj", "{3DF604E8-13D6-421A-A3D4-2DC5DFD4DCE5}"
EndProject
Project("{FAE04EC0-301F-11D3-BF4B-00C04F79EFBC}") = "TDD_Kata1_StringCalculator_Tests", "TDD_Kata1_StringCalculator_Tests\TDD_Kata1_StringCalculator_Tests.csproj", "{6C73A79D-6817-4B6E-8289-929D016627F2}"
EndProject
Project("{2150E333-8FDC-42A3-9474-1A3956D46DE8}") = "20140917", "20140917", "{1CFD30AC-E68A-40C8-942E-053A197E01D1}"
EndProject
Global
	GlobalSection(TeamFoundationVersionControl) = preSolution
		SccNumberOfProjects = 2
		SccEnterpriseProvider = {4CA58AB2-18FA-4F8D-95D4-32DDF27D184C}
		SccTeamFoundationServer = https://krzysiekkogut.visualstudio.com/defaultcollection
		SccLocalPath0 = .
		SccProjectUniqueName1 = TDD_Kata1_StringCalculator\\TDD_Kata1_StringCalculator.csproj
		SccProjectTopLevelParentUniqueName1 = TDD_Kata1_StringCalculator.sln
		SccProjectName1 = TDD_Kata1_StringCalculator
		SccLocalPath1 = TDD_Kata1_StringCalculator
	EndGlobalSection
	GlobalSection(SolutionConfigurationPlatforms) = preSolution
		Debug|Any CPU = Debug|Any CPU
		Release|Any CPU = Release|Any CPU
	EndGlobalSection
	GlobalSection(ProjectConfigurationPlatforms) = postSolution
		{3DF604E8-13D6-421A-A3D4-2DC5DFD4DCE5}.Debug|Any CPU.ActiveCfg = Debug|Any CPU
		{3DF604E8-13D6-421A-A3D4-2DC5DFD4DCE5}.Debug|Any CPU.Build.0 = Debug|Any CPU
		{3DF604E8-13D6-421A-A3D4-2DC5DFD4DCE5}.Release|Any CPU.ActiveCfg = Release|Any CPU
		{3DF604E8-13D6-421A-A3D4-2DC5DFD4DCE5}.Release|Any CPU.Build.0 = Release|Any CPU
		{6C73A79D-6817-4B6E-8289-929D016627F2}.Debug|Any CPU.ActiveCfg = Debug|Any CPU
		{6C73A79D-6817-4B6E-8289-929D016627F2}.Debug|Any CPU.Build.0 = Debug|Any CPU
		{6C73A79D-6817-4B6E-8289-929D016627F2}.Release|Any CPU.ActiveCfg = Release|Any CPU
		{6C73A79D-6817-4B6E-8289-929D016627F2}.Release|Any CPU.Build.0 = Release|Any CPU
	EndGlobalSection
	GlobalSection(SolutionProperties) = preSolution
		HideSolutionNode = FALSE
	EndGlobalSection
	GlobalSection(NestedProjects) = preSolution
		{3DF604E8-13D6-421A-A3D4-2DC5DFD4DCE5} = {1CFD30AC-E68A-40C8-942E-053A197E01D1}
		{6C73A79D-6817-4B6E-8289-929D016627F2} = {1CFD30AC-E68A-40C8-942E-053A197E01D1}
	EndGlobalSection
EndGlobal
